// !$*UTF8*$!
{
	archiveVersion = 1;
	classes = {
	};
	objectVersion = 46;
	objects = {

/* Begin PBXBuildFile section */
		4B20EEE2184F8829007EB5B2 /* example.mp4 in Resources */ = {isa = PBXBuildFile; fileRef = 4B20EEE1184F8829007EB5B2 /* example.mp4 */; };
		4B20EEE4184F88E6007EB5B2 /* MainViewController~iphone.xib in Resources */ = {isa = PBXBuildFile; fileRef = 4B20EEE3184F88E6007EB5B2 /* MainViewController~iphone.xib */; };
		4B79B196184E90AA00701BFC /* Foundation.framework in Frameworks */ = {isa = PBXBuildFile; fileRef = 4B79B195184E90AA00701BFC /* Foundation.framework */; };
		4B79B198184E90AA00701BFC /* CoreGraphics.framework in Frameworks */ = {isa = PBXBuildFile; fileRef = 4B79B197184E90AA00701BFC /* CoreGraphics.framework */; };
		4B79B19A184E90AA00701BFC /* UIKit.framework in Frameworks */ = {isa = PBXBuildFile; fileRef = 4B79B199184E90AA00701BFC /* UIKit.framework */; };
		4B79B1A0184E90AA00701BFC /* InfoPlist.strings in Resources */ = {isa = PBXBuildFile; fileRef = 4B79B19E184E90AA00701BFC /* InfoPlist.strings */; };
		4B79B1A2184E90AA00701BFC /* main.m in Sources */ = {isa = PBXBuildFile; fileRef = 4B79B1A1184E90AA00701BFC /* main.m */; };
		4B79B1A6184E90AA00701BFC /* AppDelegate.m in Sources */ = {isa = PBXBuildFile; fileRef = 4B79B1A5184E90AA00701BFC /* AppDelegate.m */; };
		4B79B1A8184E90AA00701BFC /* Images.xcassets in Resources */ = {isa = PBXBuildFile; fileRef = 4B79B1A7184E90AA00701BFC /* Images.xcassets */; };
		4B79B1AF184E90AA00701BFC /* XCTest.framework in Frameworks */ = {isa = PBXBuildFile; fileRef = 4B79B1AE184E90AA00701BFC /* XCTest.framework */; };
		4B79B1B0184E90AA00701BFC /* Foundation.framework in Frameworks */ = {isa = PBXBuildFile; fileRef = 4B79B195184E90AA00701BFC /* Foundation.framework */; };
		4B79B1B1184E90AA00701BFC /* UIKit.framework in Frameworks */ = {isa = PBXBuildFile; fileRef = 4B79B199184E90AA00701BFC /* UIKit.framework */; };
		4B79B1B9184E90AA00701BFC /* InfoPlist.strings in Resources */ = {isa = PBXBuildFile; fileRef = 4B79B1B7184E90AA00701BFC /* InfoPlist.strings */; };
		4B79B1BB184E90AA00701BFC /* MPMoviePlayerControllerSubtitlesTests.m in Sources */ = {isa = PBXBuildFile; fileRef = 4B79B1BA184E90AA00701BFC /* MPMoviePlayerControllerSubtitlesTests.m */; };
		4B79B1C7184E90C700701BFC /* MainViewController.m in Sources */ = {isa = PBXBuildFile; fileRef = 4B79B1C5184E90C700701BFC /* MainViewController.m */; };
		4B79B1C8184E90C700701BFC /* MainViewController~ipad.xib in Resources */ = {isa = PBXBuildFile; fileRef = 4B79B1C6184E90C700701BFC /* MainViewController~ipad.xib */; };
		4B79B1CA184E911B00701BFC /* MediaPlayer.framework in Frameworks */ = {isa = PBXBuildFile; fileRef = 4B79B1C9184E911B00701BFC /* MediaPlayer.framework */; };
		4B79B1CE184E917800701BFC /* MPMoviePlayerController+Subtitles.m in Sources */ = {isa = PBXBuildFile; fileRef = 4B79B1CD184E917800701BFC /* MPMoviePlayerController+Subtitles.m */; };
		4B79B1D0184E939B00701BFC /* example.srt in Resources */ = {isa = PBXBuildFile; fileRef = 4B79B1CF184E939B00701BFC /* example.srt */; };
/* End PBXBuildFile section */

/* Begin PBXContainerItemProxy section */
		4B79B1B2184E90AA00701BFC /* PBXContainerItemProxy */ = {
			isa = PBXContainerItemProxy;
			containerPortal = 4B79B18A184E90A900701BFC /* Project object */;
			proxyType = 1;
			remoteGlobalIDString = 4B79B191184E90A900701BFC;
			remoteInfo = MPMoviePlayerControllerSubtitles;
		};
/* End PBXContainerItemProxy section */

/* Begin PBXFileReference section */
		4B20EEE1184F8829007EB5B2 /* example.mp4 */ = {isa = PBXFileReference; lastKnownFileType = file; path = example.mp4; sourceTree = "<group>"; };
		4B20EEE3184F88E6007EB5B2 /* MainViewController~iphone.xib */ = {isa = PBXFileReference; fileEncoding = 4; lastKnownFileType = file.xib; path = "MainViewController~iphone.xib"; sourceTree = "<group>"; };
		4B79B192184E90AA00701BFC /* MPMoviePlayerControllerSubtitles.app */ = {isa = PBXFileReference; explicitFileType = wrapper.application; includeInIndex = 0; path = MPMoviePlayerControllerSubtitles.app; sourceTree = BUILT_PRODUCTS_DIR; };
		4B79B195184E90AA00701BFC /* Foundation.framework */ = {isa = PBXFileReference; lastKnownFileType = wrapper.framework; name = Foundation.framework; path = System/Library/Frameworks/Foundation.framework; sourceTree = SDKROOT; };
		4B79B197184E90AA00701BFC /* CoreGraphics.framework */ = {isa = PBXFileReference; lastKnownFileType = wrapper.framework; name = CoreGraphics.framework; path = System/Library/Frameworks/CoreGraphics.framework; sourceTree = SDKROOT; };
		4B79B199184E90AA00701BFC /* UIKit.framework */ = {isa = PBXFileReference; lastKnownFileType = wrapper.framework; name = UIKit.framework; path = System/Library/Frameworks/UIKit.framework; sourceTree = SDKROOT; };
		4B79B19D184E90AA00701BFC /* MPMoviePlayerControllerSubtitles-Info.plist */ = {isa = PBXFileReference; lastKnownFileType = text.plist.xml; path = "MPMoviePlayerControllerSubtitles-Info.plist"; sourceTree = "<group>"; };
		4B79B19F184E90AA00701BFC /* en */ = {isa = PBXFileReference; lastKnownFileType = text.plist.strings; name = en; path = en.lproj/InfoPlist.strings; sourceTree = "<group>"; };
		4B79B1A1184E90AA00701BFC /* main.m */ = {isa = PBXFileReference; lastKnownFileType = sourcecode.c.objc; path = main.m; sourceTree = "<group>"; };
		4B79B1A3184E90AA00701BFC /* MPMoviePlayerControllerSubtitles-Prefix.pch */ = {isa = PBXFileReference; lastKnownFileType = sourcecode.c.h; path = "MPMoviePlayerControllerSubtitles-Prefix.pch"; sourceTree = "<group>"; };
		4B79B1A4184E90AA00701BFC /* AppDelegate.h */ = {isa = PBXFileReference; lastKnownFileType = sourcecode.c.h; path = AppDelegate.h; sourceTree = "<group>"; };
		4B79B1A5184E90AA00701BFC /* AppDelegate.m */ = {isa = PBXFileReference; lastKnownFileType = sourcecode.c.objc; path = AppDelegate.m; sourceTree = "<group>"; };
		4B79B1A7184E90AA00701BFC /* Images.xcassets */ = {isa = PBXFileReference; lastKnownFileType = folder.assetcatalog; name = Images.xcassets; path = MPMoviePlayerControllerSubtitles/Images.xcassets; sourceTree = "<group>"; };
		4B79B1AD184E90AA00701BFC /* MPMoviePlayerControllerSubtitlesTests.xctest */ = {isa = PBXFileReference; explicitFileType = wrapper.cfbundle; includeInIndex = 0; path = MPMoviePlayerControllerSubtitlesTests.xctest; sourceTree = BUILT_PRODUCTS_DIR; };
		4B79B1AE184E90AA00701BFC /* XCTest.framework */ = {isa = PBXFileReference; lastKnownFileType = wrapper.framework; name = XCTest.framework; path = Library/Frameworks/XCTest.framework; sourceTree = DEVELOPER_DIR; };
		4B79B1B6184E90AA00701BFC /* MPMoviePlayerControllerSubtitlesTests-Info.plist */ = {isa = PBXFileReference; lastKnownFileType = text.plist.xml; path = "MPMoviePlayerControllerSubtitlesTests-Info.plist"; sourceTree = "<group>"; };
		4B79B1B8184E90AA00701BFC /* en */ = {isa = PBXFileReference; lastKnownFileType = text.plist.strings; name = en; path = en.lproj/InfoPlist.strings; sourceTree = "<group>"; };
		4B79B1BA184E90AA00701BFC /* MPMoviePlayerControllerSubtitlesTests.m */ = {isa = PBXFileReference; lastKnownFileType = sourcecode.c.objc; path = MPMoviePlayerControllerSubtitlesTests.m; sourceTree = "<group>"; };
		4B79B1C4184E90C700701BFC /* MainViewController.h */ = {isa = PBXFileReference; fileEncoding = 4; lastKnownFileType = sourcecode.c.h; path = MainViewController.h; sourceTree = "<group>"; };
		4B79B1C5184E90C700701BFC /* MainViewController.m */ = {isa = PBXFileReference; fileEncoding = 4; lastKnownFileType = sourcecode.c.objc; path = MainViewController.m; sourceTree = "<group>"; };
		4B79B1C6184E90C700701BFC /* MainViewController~ipad.xib */ = {isa = PBXFileReference; fileEncoding = 4; lastKnownFileType = file.xib; path = "MainViewController~ipad.xib"; sourceTree = "<group>"; };
		4B79B1C9184E911B00701BFC /* MediaPlayer.framework */ = {isa = PBXFileReference; lastKnownFileType = wrapper.framework; name = MediaPlayer.framework; path = System/Library/Frameworks/MediaPlayer.framework; sourceTree = SDKROOT; };
		4B79B1CC184E917800701BFC /* MPMoviePlayerController+Subtitles.h */ = {isa = PBXFileReference; fileEncoding = 4; lastKnownFileType = sourcecode.c.h; path = "MPMoviePlayerController+Subtitles.h"; sourceTree = "<group>"; };
		4B79B1CD184E917800701BFC /* MPMoviePlayerController+Subtitles.m */ = {isa = PBXFileReference; fileEncoding = 4; lastKnownFileType = sourcecode.c.objc; path = "MPMoviePlayerController+Subtitles.m"; sourceTree = "<group>"; };
		4B79B1CF184E939B00701BFC /* example.srt */ = {isa = PBXFileReference; fileEncoding = 4; lastKnownFileType = text; path = example.srt; sourceTree = "<group>"; };
/* End PBXFileReference section */

/* Begin PBXFrameworksBuildPhase section */
		4B79B18F184E90A900701BFC /* Frameworks */ = {
			isa = PBXFrameworksBuildPhase;
			buildActionMask = 2147483647;
			files = (
				4B79B1CA184E911B00701BFC /* MediaPlayer.framework in Frameworks */,
				4B79B198184E90AA00701BFC /* CoreGraphics.framework in Frameworks */,
				4B79B19A184E90AA00701BFC /* UIKit.framework in Frameworks */,
				4B79B196184E90AA00701BFC /* Foundation.framework in Frameworks */,
			);
			runOnlyForDeploymentPostprocessing = 0;
		};
		4B79B1AA184E90AA00701BFC /* Frameworks */ = {
			isa = PBXFrameworksBuildPhase;
			buildActionMask = 2147483647;
			files = (
				4B79B1AF184E90AA00701BFC /* XCTest.framework in Frameworks */,
				4B79B1B1184E90AA00701BFC /* UIKit.framework in Frameworks */,
				4B79B1B0184E90AA00701BFC /* Foundation.framework in Frameworks */,
			);
			runOnlyForDeploymentPostprocessing = 0;
		};
/* End PBXFrameworksBuildPhase section */

/* Begin PBXGroup section */
		4B79B189184E90A900701BFC = {
			isa = PBXGroup;
			children = (
				4B79B1A7184E90AA00701BFC /* Images.xcassets */,
				4B79B19B184E90AA00701BFC /* MPMoviePlayerControllerSubtitles */,
				4B79B1B4184E90AA00701BFC /* MPMoviePlayerControllerSubtitlesTests */,
				4B79B194184E90AA00701BFC /* Frameworks */,
				4B79B193184E90AA00701BFC /* Products */,
			);
			sourceTree = "<group>";
		};
		4B79B193184E90AA00701BFC /* Products */ = {
			isa = PBXGroup;
			children = (
				4B79B192184E90AA00701BFC /* MPMoviePlayerControllerSubtitles.app */,
				4B79B1AD184E90AA00701BFC /* MPMoviePlayerControllerSubtitlesTests.xctest */,
			);
			name = Products;
			sourceTree = "<group>";
		};
		4B79B194184E90AA00701BFC /* Frameworks */ = {
			isa = PBXGroup;
			children = (
				4B79B1C9184E911B00701BFC /* MediaPlayer.framework */,
				4B79B195184E90AA00701BFC /* Foundation.framework */,
				4B79B197184E90AA00701BFC /* CoreGraphics.framework */,
				4B79B199184E90AA00701BFC /* UIKit.framework */,
				4B79B1AE184E90AA00701BFC /* XCTest.framework */,
			);
			name = Frameworks;
			sourceTree = "<group>";
		};
		4B79B19B184E90AA00701BFC /* MPMoviePlayerControllerSubtitles */ = {
			isa = PBXGroup;
			children = (
				4B79B1A4184E90AA00701BFC /* AppDelegate.h */,
				4B79B1A5184E90AA00701BFC /* AppDelegate.m */,
				4B79B1C4184E90C700701BFC /* MainViewController.h */,
				4B79B1C5184E90C700701BFC /* MainViewController.m */,
				4B79B1C6184E90C700701BFC /* MainViewController~ipad.xib */,
				4B20EEE3184F88E6007EB5B2 /* MainViewController~iphone.xib */,
				4B79B1D1184E95E800701BFC /* Example files */,
				4B79B1CB184E915100701BFC /* MPMoviePlayerController+Subtitles */,
				4B79B19C184E90AA00701BFC /* Supporting Files */,
			);
			path = MPMoviePlayerControllerSubtitles;
			sourceTree = "<group>";
		};
		4B79B19C184E90AA00701BFC /* Supporting Files */ = {
			isa = PBXGroup;
			children = (
				4B79B19D184E90AA00701BFC /* MPMoviePlayerControllerSubtitles-Info.plist */,
				4B79B19E184E90AA00701BFC /* InfoPlist.strings */,
				4B79B1A1184E90AA00701BFC /* main.m */,
				4B79B1A3184E90AA00701BFC /* MPMoviePlayerControllerSubtitles-Prefix.pch */,
			);
			name = "Supporting Files";
			sourceTree = "<group>";
		};
		4B79B1B4184E90AA00701BFC /* MPMoviePlayerControllerSubtitlesTests */ = {
			isa = PBXGroup;
			children = (
				4B79B1BA184E90AA00701BFC /* MPMoviePlayerControllerSubtitlesTests.m */,
				4B79B1B5184E90AA00701BFC /* Supporting Files */,
			);
			path = MPMoviePlayerControllerSubtitlesTests;
			sourceTree = "<group>";
		};
		4B79B1B5184E90AA00701BFC /* Supporting Files */ = {
			isa = PBXGroup;
			children = (
				4B79B1B6184E90AA00701BFC /* MPMoviePlayerControllerSubtitlesTests-Info.plist */,
				4B79B1B7184E90AA00701BFC /* InfoPlist.strings */,
			);
			name = "Supporting Files";
			sourceTree = "<group>";
		};
		4B79B1CB184E915100701BFC /* MPMoviePlayerController+Subtitles */ = {
			isa = PBXGroup;
			children = (
				4B79B1CC184E917800701BFC /* MPMoviePlayerController+Subtitles.h */,
				4B79B1CD184E917800701BFC /* MPMoviePlayerController+Subtitles.m */,
			);
			name = "MPMoviePlayerController+Subtitles";
			sourceTree = "<group>";
		};
		4B79B1D1184E95E800701BFC /* Example files */ = {
			isa = PBXGroup;
			children = (
				4B20EEE1184F8829007EB5B2 /* example.mp4 */,
				4B79B1CF184E939B00701BFC /* example.srt */,
			);
			name = "Example files";
			sourceTree = "<group>";
		};
/* End PBXGroup section */

/* Begin PBXNativeTarget section */
		4B79B191184E90A900701BFC /* MPMoviePlayerControllerSubtitles */ = {
			isa = PBXNativeTarget;
			buildConfigurationList = 4B79B1BE184E90AA00701BFC /* Build configuration list for PBXNativeTarget "MPMoviePlayerControllerSubtitles" */;
			buildPhases = (
				4B79B18E184E90A900701BFC /* Sources */,
				4B79B18F184E90A900701BFC /* Frameworks */,
				4B79B190184E90A900701BFC /* Resources */,
			);
			buildRules = (
			);
			dependencies = (
			);
			name = MPMoviePlayerControllerSubtitles;
			productName = MPMoviePlayerControllerSubtitles;
			productReference = 4B79B192184E90AA00701BFC /* MPMoviePlayerControllerSubtitles.app */;
			productType = "com.apple.product-type.application";
		};
		4B79B1AC184E90AA00701BFC /* MPMoviePlayerControllerSubtitlesTests */ = {
			isa = PBXNativeTarget;
			buildConfigurationList = 4B79B1C1184E90AA00701BFC /* Build configuration list for PBXNativeTarget "MPMoviePlayerControllerSubtitlesTests" */;
			buildPhases = (
				4B79B1A9184E90AA00701BFC /* Sources */,
				4B79B1AA184E90AA00701BFC /* Frameworks */,
				4B79B1AB184E90AA00701BFC /* Resources */,
			);
			buildRules = (
			);
			dependencies = (
				4B79B1B3184E90AA00701BFC /* PBXTargetDependency */,
			);
			name = MPMoviePlayerControllerSubtitlesTests;
			productName = MPMoviePlayerControllerSubtitlesTests;
			productReference = 4B79B1AD184E90AA00701BFC /* MPMoviePlayerControllerSubtitlesTests.xctest */;
			productType = "com.apple.product-type.bundle.unit-test";
		};
/* End PBXNativeTarget section */

/* Begin PBXProject section */
		4B79B18A184E90A900701BFC /* Project object */ = {
			isa = PBXProject;
			attributes = {
				LastUpgradeCheck = 0500;
				ORGANIZATIONNAME = mhergon;
				TargetAttributes = {
					4B79B1AC184E90AA00701BFC = {
						TestTargetID = 4B79B191184E90A900701BFC;
					};
				};
			};
			buildConfigurationList = 4B79B18D184E90A900701BFC /* Build configuration list for PBXProject "MPMoviePlayerControllerSubtitles" */;
			compatibilityVersion = "Xcode 3.2";
			developmentRegion = English;
			hasScannedForEncodings = 0;
			knownRegions = (
				en,
			);
			mainGroup = 4B79B189184E90A900701BFC;
			productRefGroup = 4B79B193184E90AA00701BFC /* Products */;
			projectDirPath = "";
			projectRoot = "";
			targets = (
				4B79B191184E90A900701BFC /* MPMoviePlayerControllerSubtitles */,
				4B79B1AC184E90AA00701BFC /* MPMoviePlayerControllerSubtitlesTests */,
			);
		};
/* End PBXProject section */

/* Begin PBXResourcesBuildPhase section */
		4B79B190184E90A900701BFC /* Resources */ = {
			isa = PBXResourcesBuildPhase;
			buildActionMask = 2147483647;
			files = (
				4B79B1A0184E90AA00701BFC /* InfoPlist.strings in Resources */,
				4B79B1C8184E90C700701BFC /* MainViewController~ipad.xib in Resources */,
				4B79B1D0184E939B00701BFC /* example.srt in Resources */,
				4B20EEE2184F8829007EB5B2 /* example.mp4 in Resources */,
				4B79B1A8184E90AA00701BFC /* Images.xcassets in Resources */,
				4B20EEE4184F88E6007EB5B2 /* MainViewController~iphone.xib in Resources */,
			);
			runOnlyForDeploymentPostprocessing = 0;
		};
		4B79B1AB184E90AA00701BFC /* Resources */ = {
			isa = PBXResourcesBuildPhase;
			buildActionMask = 2147483647;
			files = (
				4B79B1B9184E90AA00701BFC /* InfoPlist.strings in Resources */,
			);
			runOnlyForDeploymentPostprocessing = 0;
		};
/* End PBXResourcesBuildPhase section */

/* Begin PBXSourcesBuildPhase section */
		4B79B18E184E90A900701BFC /* Sources */ = {
			isa = PBXSourcesBuildPhase;
			buildActionMask = 2147483647;
			files = (
				4B79B1A6184E90AA00701BFC /* AppDelegate.m in Sources */,
				4B79B1C7184E90C700701BFC /* MainViewController.m in Sources */,
				4B79B1CE184E917800701BFC /* MPMoviePlayerController+Subtitles.m in Sources */,
				4B79B1A2184E90AA00701BFC /* main.m in Sources */,
			);
			runOnlyForDeploymentPostprocessing = 0;
		};
		4B79B1A9184E90AA00701BFC /* Sources */ = {
			isa = PBXSourcesBuildPhase;
			buildActionMask = 2147483647;
			files = (
				4B79B1BB184E90AA00701BFC /* MPMoviePlayerControllerSubtitlesTests.m in Sources */,
			);
			runOnlyForDeploymentPostprocessing = 0;
		};
/* End PBXSourcesBuildPhase section */

/* Begin PBXTargetDependency section */
		4B79B1B3184E90AA00701BFC /* PBXTargetDependency */ = {
			isa = PBXTargetDependency;
			target = 4B79B191184E90A900701BFC /* MPMoviePlayerControllerSubtitles */;
			targetProxy = 4B79B1B2184E90AA00701BFC /* PBXContainerItemProxy */;
		};
/* End PBXTargetDependency section */

/* Begin PBXVariantGroup section */
		4B79B19E184E90AA00701BFC /* InfoPlist.strings */ = {
			isa = PBXVariantGroup;
			children = (
				4B79B19F184E90AA00701BFC /* en */,
			);
			name = InfoPlist.strings;
			sourceTree = "<group>";
		};
		4B79B1B7184E90AA00701BFC /* InfoPlist.strings */ = {
			isa = PBXVariantGroup;
			children = (
				4B79B1B8184E90AA00701BFC /* en */,
			);
			name = InfoPlist.strings;
			sourceTree = "<group>";
		};
/* End PBXVariantGroup section */

/* Begin XCBuildConfiguration section */
		4B79B1BC184E90AA00701BFC /* Debug */ = {
			isa = XCBuildConfiguration;
			buildSettings = {
				ALWAYS_SEARCH_USER_PATHS = NO;
				ARCHS = "$(ARCHS_STANDARD_INCLUDING_64_BIT)";
				CLANG_CXX_LANGUAGE_STANDARD = "gnu++0x";
				CLANG_CXX_LIBRARY = "libc++";
				CLANG_ENABLE_MODULES = YES;
				CLANG_ENABLE_OBJC_ARC = YES;
				CLANG_WARN_BOOL_CONVERSION = YES;
				CLANG_WARN_CONSTANT_CONVERSION = YES;
				CLANG_WARN_DIRECT_OBJC_ISA_USAGE = YES_ERROR;
				CLANG_WARN_EMPTY_BODY = YES;
				CLANG_WARN_ENUM_CONVERSION = YES;
				CLANG_WARN_INT_CONVERSION = YES;
				CLANG_WARN_OBJC_ROOT_CLASS = YES_ERROR;
				CLANG_WARN__DUPLICATE_METHOD_MATCH = YES;
				"CODE_SIGN_IDENTITY[sdk=iphoneos*]" = "iPhone Developer";
				COPY_PHASE_STRIP = NO;
				GCC_C_LANGUAGE_STANDARD = gnu99;
				GCC_DYNAMIC_NO_PIC = NO;
				GCC_OPTIMIZATION_LEVEL = 0;
				GCC_PREPROCESSOR_DEFINITIONS = (
					"DEBUG=1",
					"$(inherited)",
				);
				GCC_SYMBOLS_PRIVATE_EXTERN = NO;
				GCC_WARN_64_TO_32_BIT_CONVERSION = YES;
				GCC_WARN_ABOUT_RETURN_TYPE = YES_ERROR;
				GCC_WARN_UNDECLARED_SELECTOR = YES;
				GCC_WARN_UNINITIALIZED_AUTOS = YES;
				GCC_WARN_UNUSED_FUNCTION = YES;
				GCC_WARN_UNUSED_VARIABLE = YES;
				IPHONEOS_DEPLOYMENT_TARGET = 6.0;
				ONLY_ACTIVE_ARCH = YES;
				SDKROOT = iphoneos;
				TARGETED_DEVICE_FAMILY = 2;
			};
			name = Debug;
		};
		4B79B1BD184E90AA00701BFC /* Release */ = {
			isa = XCBuildConfiguration;
			buildSettings = {
				ALWAYS_SEARCH_USER_PATHS = NO;
				ARCHS = "$(ARCHS_STANDARD_INCLUDING_64_BIT)";
				CLANG_CXX_LANGUAGE_STANDARD = "gnu++0x";
				CLANG_CXX_LIBRARY = "libc++";
				CLANG_ENABLE_MODULES = YES;
				CLANG_ENABLE_OBJC_ARC = YES;
				CLANG_WARN_BOOL_CONVERSION = YES;
				CLANG_WARN_CONSTANT_CONVERSION = YES;
				CLANG_WARN_DIRECT_OBJC_ISA_USAGE = YES_ERROR;
				CLANG_WARN_EMPTY_BODY = YES;
				CLANG_WARN_ENUM_CONVERSION = YES;
				CLANG_WARN_INT_CONVERSION = YES;
				CLANG_WARN_OBJC_ROOT_CLASS = YES_ERROR;
				CLANG_WARN__DUPLICATE_METHOD_MATCH = YES;
				"CODE_SIGN_IDENTITY[sdk=iphoneos*]" = "iPhone Developer";
				COPY_PHASE_STRIP = YES;
				ENABLE_NS_ASSERTIONS = NO;
				GCC_C_LANGUAGE_STANDARD = gnu99;
				GCC_WARN_64_TO_32_BIT_CONVERSION = YES;
				GCC_WARN_ABOUT_RETURN_TYPE = YES_ERROR;
				GCC_WARN_UNDECLARED_SELECTOR = YES;
				GCC_WARN_UNINITIALIZED_AUTOS = YES;
				GCC_WARN_UNUSED_FUNCTION = YES;
				GCC_WARN_UNUSED_VARIABLE = YES;
				IPHONEOS_DEPLOYMENT_TARGET = 6.0;
				SDKROOT = iphoneos;
				TARGETED_DEVICE_FAMILY = 2;
				VALIDATE_PRODUCT = YES;
			};
			name = Release;
		};
		4B79B1BF184E90AA00701BFC /* Debug */ = {
			isa = XCBuildConfiguration;
			buildSettings = {
				ASSETCATALOG_COMPILER_APPICON_NAME = AppIcon;
				ASSETCATALOG_COMPILER_LAUNCHIMAGE_NAME = LaunchImage;
				GCC_PRECOMPILE_PREFIX_HEADER = YES;
				GCC_PREFIX_HEADER = "MPMoviePlayerControllerSubtitles/MPMoviePlayerControllerSubtitles-Prefix.pch";
				INFOPLIST_FILE = "MPMoviePlayerControllerSubtitles/MPMoviePlayerControllerSubtitles-Info.plist";
				PRODUCT_NAME = "$(TARGET_NAME)";
				TARGETED_DEVICE_FAMILY = "1,2";
				WRAPPER_EXTENSION = app;
			};
			name = Debug;
		};
		4B79B1C0184E90AA00701BFC /* Release */ = {
			isa = XCBuildConfiguration;
			buildSettings = {
				ASSETCATALOG_COMPILER_APPICON_NAME = AppIcon;
				ASSETCATALOG_COMPILER_LAUNCHIMAGE_NAME = LaunchImage;
				GCC_PRECOMPILE_PREFIX_HEADER = YES;
				GCC_PREFIX_HEADER = "MPMoviePlayerControllerSubtitles/MPMoviePlayerControllerSubtitles-Prefix.pch";
				INFOPLIST_FILE = "MPMoviePlayerControllerSubtitles/MPMoviePlayerControllerSubtitles-Info.plist";
				PRODUCT_NAME = "$(TARGET_NAME)";
				TARGETED_DEVICE_FAMILY = "1,2";
				WRAPPER_EXTENSION = app;
			};
			name = Release;
		};
		4B79B1C2184E90AA00701BFC /* Debug */ = {
			isa = XCBuildConfiguration;
			buildSettings = {
				ARCHS = "$(ARCHS_STANDARD_INCLUDING_64_BIT)";
				BUNDLE_LOADER = "$(BUILT_PRODUCTS_DIR)/MPMoviePlayerControllerSubtitles.app/MPMoviePlayerControllerSubtitles";
				FRAMEWORK_SEARCH_PATHS = (
					"$(SDKROOT)/Developer/Library/Frameworks",
					"$(inherited)",
					"$(DEVELOPER_FRAMEWORKS_DIR)",
				);
				GCC_PRECOMPILE_PREFIX_HEADER = YES;
				GCC_PREFIX_HEADER = "MPMoviePlayerControllerSubtitles/MPMoviePlayerControllerSubtitles-Prefix.pch";
				GCC_PREPROCESSOR_DEFINITIONS = (
					"DEBUG=1",
					"$(inherited)",
				);
				INFOPLIST_FILE = "MPMoviePlayerControllerSubtitlesTests/MPMoviePlayerControllerSubtitlesTests-Info.plist";
				PRODUCT_NAME = "$(TARGET_NAME)";
				TEST_HOST = "$(BUNDLE_LOADER)";
				WRAPPER_EXTENSION = xctest;
			};
			name = Debug;
		};
		4B79B1C3184E90AA00701BFC /* Release */ = {
			isa = XCBuildConfiguration;
			buildSettings = {
				ARCHS = "$(ARCHS_STANDARD_INCLUDING_64_BIT)";
				BUNDLE_LOADER = "$(BUILT_PRODUCTS_DIR)/MPMoviePlayerControllerSubtitles.app/MPMoviePlayerControllerSubtitles";
				FRAMEWORK_SEARCH_PATHS = (
					"$(SDKROOT)/Developer/Library/Frameworks",
					"$(inherited)",
					"$(DEVELOPER_FRAMEWORKS_DIR)",
				);
				GCC_PRECOMPILE_PREFIX_HEADER = YES;
				GCC_PREFIX_HEADER = "MPMoviePlayerControllerSubtitles/MPMoviePlayerControllerSubtitles-Prefix.pch";
				INFOPLIST_FILE = "MPMoviePlayerControllerSubtitlesTests/MPMoviePlayerControllerSubtitlesTests-Info.plist";
				PRODUCT_NAME = "$(TARGET_NAME)";
				TEST_HOST = "$(BUNDLE_LOADER)";
				WRAPPER_EXTENSION = xctest;
			};
			name = Release;
		};
/* End XCBuildConfiguration section */

/* Begin XCConfigurationList section */
		4B79B18D184E90A900701BFC /* Build configuration list for PBXProject "MPMoviePlayerControllerSubtitles" */ = {
			isa = XCConfigurationList;
			buildConfigurations = (
				4B79B1BC184E90AA00701BFC /* Debug */,
				4B79B1BD184E90AA00701BFC /* Release */,
			);
			defaultConfigurationIsVisible = 0;
			defaultConfigurationName = Release;
		};
		4B79B1BE184E90AA00701BFC /* Build configuration list for PBXNativeTarget "MPMoviePlayerControllerSubtitles" */ = {
			isa = XCConfigurationList;
			buildConfigurations = (
				4B79B1BF184E90AA00701BFC /* Debug */,
				4B79B1C0184E90AA00701BFC /* Release */,
			);
			defaultConfigurationIsVisible = 0;
			defaultConfigurationName = Release;
		};
		4B79B1C1184E90AA00701BFC /* Build configuration list for PBXNativeTarget "MPMoviePlayerControllerSubtitlesTests" */ = {
			isa = XCConfigurationList;
			buildConfigurations = (
				4B79B1C2184E90AA00701BFC /* Debug */,
				4B79B1C3184E90AA00701BFC /* Release */,
			);
			defaultConfigurationIsVisible = 0;
			defaultConfigurationName = Release;
		};
/* End XCConfigurationList section */
	};
	rootObject = 4B79B18A184E90A900701BFC /* Project object */;
}
