// !$*UTF8*$!
{
	archiveVersion = 1;
	classes = {
	};
	objectVersion = 46;
	objects = {

/* Begin PBXBuildFile section */
		4B01BBA71BF92094004B08BD /* trailer_720p.srt in Resources */ = {isa = PBXBuildFile; fileRef = 4B01BBA61BF92094004B08BD /* trailer_720p.srt */; };
		4B4966431BF8F87E00CD6060 /* AppDelegate.swift in Sources */ = {isa = PBXBuildFile; fileRef = 4B4966421BF8F87E00CD6060 /* AppDelegate.swift */; };
		4B4966451BF8F87E00CD6060 /* ViewController.swift in Sources */ = {isa = PBXBuildFile; fileRef = 4B4966441BF8F87E00CD6060 /* ViewController.swift */; };
		4B4966481BF8F87E00CD6060 /* Main.storyboard in Resources */ = {isa = PBXBuildFile; fileRef = 4B4966461BF8F87E00CD6060 /* Main.storyboard */; };
		4B49664A1BF8F87E00CD6060 /* Assets.xcassets in Resources */ = {isa = PBXBuildFile; fileRef = 4B4966491BF8F87E00CD6060 /* Assets.xcassets */; };
		4B49664D1BF8F87E00CD6060 /* LaunchScreen.storyboard in Resources */ = {isa = PBXBuildFile; fileRef = 4B49664B1BF8F87E00CD6060 /* LaunchScreen.storyboard */; };
		4B607D561BFCE0C2001090B5 /* Subtitles.swift in Sources */ = {isa = PBXBuildFile; fileRef = 4B607D551BFCE0C2001090B5 /* Subtitles.swift */; };
		4B711ABB1BF900530017C8DA /* trailer_720p.mov in Resources */ = {isa = PBXBuildFile; fileRef = 4B711ABA1BF900530017C8DA /* trailer_720p.mov */; };
/* End PBXBuildFile section */

/* Begin PBXFileReference section */
		4B01BBA61BF92094004B08BD /* trailer_720p.srt */ = {isa = PBXFileReference; fileEncoding = 4; lastKnownFileType = text; path = trailer_720p.srt; sourceTree = "<group>"; };
		4B49663F1BF8F87E00CD6060 /* MPMoviePlayerController-Subtitles.app */ = {isa = PBXFileReference; explicitFileType = wrapper.application; includeInIndex = 0; path = "MPMoviePlayerController-Subtitles.app"; sourceTree = BUILT_PRODUCTS_DIR; };
		4B4966421BF8F87E00CD6060 /* AppDelegate.swift */ = {isa = PBXFileReference; lastKnownFileType = sourcecode.swift; path = AppDelegate.swift; sourceTree = "<group>"; };
		4B4966441BF8F87E00CD6060 /* ViewController.swift */ = {isa = PBXFileReference; lastKnownFileType = sourcecode.swift; path = ViewController.swift; sourceTree = "<group>"; };
		4B4966471BF8F87E00CD6060 /* Base */ = {isa = PBXFileReference; lastKnownFileType = file.storyboard; name = Base; path = Base.lproj/Main.storyboard; sourceTree = "<group>"; };
		4B4966491BF8F87E00CD6060 /* Assets.xcassets */ = {isa = PBXFileReference; lastKnownFileType = folder.assetcatalog; path = Assets.xcassets; sourceTree = "<group>"; };
		4B49664C1BF8F87E00CD6060 /* Base */ = {isa = PBXFileReference; lastKnownFileType = file.storyboard; name = Base; path = Base.lproj/LaunchScreen.storyboard; sourceTree = "<group>"; };
		4B49664E1BF8F87E00CD6060 /* Info.plist */ = {isa = PBXFileReference; lastKnownFileType = text.plist.xml; path = Info.plist; sourceTree = "<group>"; };
		4B607D551BFCE0C2001090B5 /* Subtitles.swift */ = {isa = PBXFileReference; fileEncoding = 4; lastKnownFileType = sourcecode.swift; name = Subtitles.swift; path = ../../Subtitles.swift; sourceTree = "<group>"; };
		4B711ABA1BF900530017C8DA /* trailer_720p.mov */ = {isa = PBXFileReference; lastKnownFileType = video.quicktime; path = trailer_720p.mov; sourceTree = "<group>"; };
/* End PBXFileReference section */

/* Begin PBXFrameworksBuildPhase section */
		4B49663C1BF8F87E00CD6060 /* Frameworks */ = {
			isa = PBXFrameworksBuildPhase;
			buildActionMask = 2147483647;
			files = (
			);
			runOnlyForDeploymentPostprocessing = 0;
		};
/* End PBXFrameworksBuildPhase section */

/* Begin PBXGroup section */
		4B4966361BF8F87E00CD6060 = {
			isa = PBXGroup;
			children = (
				4B4966411BF8F87E00CD6060 /* MPMoviePlayerController-Subtitles */,
				4B4966401BF8F87E00CD6060 /* Products */,
			);
			sourceTree = "<group>";
		};
		4B4966401BF8F87E00CD6060 /* Products */ = {
			isa = PBXGroup;
			children = (
				4B49663F1BF8F87E00CD6060 /* MPMoviePlayerController-Subtitles.app */,
			);
			name = Products;
			sourceTree = "<group>";
		};
		4B4966411BF8F87E00CD6060 /* MPMoviePlayerController-Subtitles */ = {
			isa = PBXGroup;
			children = (
				4B711ABC1BF900A90017C8DA /* MPMoviePlayerController-Subtitles */,
				4B711AB31BF8FE490017C8DA /* Example files */,
				4B4966421BF8F87E00CD6060 /* AppDelegate.swift */,
				4B4966441BF8F87E00CD6060 /* ViewController.swift */,
				4B4966461BF8F87E00CD6060 /* Main.storyboard */,
				4B4966491BF8F87E00CD6060 /* Assets.xcassets */,
				4B49664B1BF8F87E00CD6060 /* LaunchScreen.storyboard */,
				4B49664E1BF8F87E00CD6060 /* Info.plist */,
			);
			path = "MPMoviePlayerController-Subtitles";
			sourceTree = "<group>";
		};
		4B711AB31BF8FE490017C8DA /* Example files */ = {
			isa = PBXGroup;
			children = (
				4B711ABA1BF900530017C8DA /* trailer_720p.mov */,
				4B01BBA61BF92094004B08BD /* trailer_720p.srt */,
			);
			name = "Example files";
			sourceTree = "<group>";
		};
		4B711ABC1BF900A90017C8DA /* MPMoviePlayerController-Subtitles */ = {
			isa = PBXGroup;
			children = (
				4B607D551BFCE0C2001090B5 /* Subtitles.swift */,
			);
			name = "MPMoviePlayerController-Subtitles";
			sourceTree = "<group>";
		};
/* End PBXGroup section */

/* Begin PBXNativeTarget section */
		4B49663E1BF8F87E00CD6060 /* MPMoviePlayerController-Subtitles */ = {
			isa = PBXNativeTarget;
			buildConfigurationList = 4B4966511BF8F87E00CD6060 /* Build configuration list for PBXNativeTarget "MPMoviePlayerController-Subtitles" */;
			buildPhases = (
				4B49663B1BF8F87E00CD6060 /* Sources */,
				4B49663C1BF8F87E00CD6060 /* Frameworks */,
				4B49663D1BF8F87E00CD6060 /* Resources */,
			);
			buildRules = (
			);
			dependencies = (
			);
			name = "MPMoviePlayerController-Subtitles";
			productName = "MPMoviePlayerController-Subtitles";
			productReference = 4B49663F1BF8F87E00CD6060 /* MPMoviePlayerController-Subtitles.app */;
			productType = "com.apple.product-type.application";
		};
/* End PBXNativeTarget section */

/* Begin PBXProject section */
		4B4966371BF8F87E00CD6060 /* Project object */ = {
			isa = PBXProject;
			attributes = {
				LastSwiftUpdateCheck = 0710;
				LastUpgradeCheck = 0800;
				ORGANIZATIONNAME = mhergon;
				TargetAttributes = {
					4B49663E1BF8F87E00CD6060 = {
						CreatedOnToolsVersion = 7.1.1;
						LastSwiftMigration = 0800;
					};
				};
			};
			buildConfigurationList = 4B49663A1BF8F87E00CD6060 /* Build configuration list for PBXProject "MPMoviePlayerController-Subtitles" */;
			compatibilityVersion = "Xcode 3.2";
			developmentRegion = English;
			hasScannedForEncodings = 0;
			knownRegions = (
				en,
				Base,
			);
			mainGroup = 4B4966361BF8F87E00CD6060;
			productRefGroup = 4B4966401BF8F87E00CD6060 /* Products */;
			projectDirPath = "";
			projectRoot = "";
			targets = (
				4B49663E1BF8F87E00CD6060 /* MPMoviePlayerController-Subtitles */,
			);
		};
/* End PBXProject section */

/* Begin PBXResourcesBuildPhase section */
		4B49663D1BF8F87E00CD6060 /* Resources */ = {
			isa = PBXResourcesBuildPhase;
			buildActionMask = 2147483647;
			files = (
				4B01BBA71BF92094004B08BD /* trailer_720p.srt in Resources */,
				4B711ABB1BF900530017C8DA /* trailer_720p.mov in Resources */,
				4B49664D1BF8F87E00CD6060 /* LaunchScreen.storyboard in Resources */,
				4B49664A1BF8F87E00CD6060 /* Assets.xcassets in Resources */,
				4B4966481BF8F87E00CD6060 /* Main.storyboard in Resources */,
			);
			runOnlyForDeploymentPostprocessing = 0;
		};
/* End PBXResourcesBuildPhase section */

/* Begin PBXSourcesBuildPhase section */
		4B49663B1BF8F87E00CD6060 /* Sources */ = {
			isa = PBXSourcesBuildPhase;
			buildActionMask = 2147483647;
			files = (
				4B607D561BFCE0C2001090B5 /* Subtitles.swift in Sources */,
				4B4966451BF8F87E00CD6060 /* ViewController.swift in Sources */,
				4B4966431BF8F87E00CD6060 /* AppDelegate.swift in Sources */,
			);
			runOnlyForDeploymentPostprocessing = 0;
		};
/* End PBXSourcesBuildPhase section */

/* Begin PBXVariantGroup section */
		4B4966461BF8F87E00CD6060 /* Main.storyboard */ = {
			isa = PBXVariantGroup;
			children = (
				4B4966471BF8F87E00CD6060 /* Base */,
			);
			name = Main.storyboard;
			sourceTree = "<group>";
		};
		4B49664B1BF8F87E00CD6060 /* LaunchScreen.storyboard */ = {
			isa = PBXVariantGroup;
			children = (
				4B49664C1BF8F87E00CD6060 /* Base */,
			);
			name = LaunchScreen.storyboard;
			sourceTree = "<group>";
		};
/* End PBXVariantGroup section */

/* Begin XCBuildConfiguration section */
		4B49664F1BF8F87E00CD6060 /* Debug */ = {
			isa = XCBuildConfiguration;
			buildSettings = {
				ALWAYS_SEARCH_USER_PATHS = NO;
				CLANG_CXX_LANGUAGE_STANDARD = "gnu++0x";
				CLANG_CXX_LIBRARY = "libc++";
				CLANG_ENABLE_MODULES = YES;
				CLANG_ENABLE_OBJC_ARC = YES;
				CLANG_WARN_BOOL_CONVERSION = YES;
				CLANG_WARN_CONSTANT_CONVERSION = YES;
				CLANG_WARN_DIRECT_OBJC_ISA_USAGE = YES_ERROR;
				CLANG_WARN_EMPTY_BODY = YES;
				CLANG_WARN_ENUM_CONVERSION = YES;
				CLANG_WARN_INFINITE_RECURSION = YES;
				CLANG_WARN_INT_CONVERSION = YES;
				CLANG_WARN_OBJC_ROOT_CLASS = YES_ERROR;
				CLANG_WARN_SUSPICIOUS_MOVE = YES;
				CLANG_WARN_UNREACHABLE_CODE = YES;
				CLANG_WARN__DUPLICATE_METHOD_MATCH = YES;
				"CODE_SIGN_IDENTITY[sdk=iphoneos*]" = "iPhone Developer";
				COPY_PHASE_STRIP = NO;
				DEBUG_INFORMATION_FORMAT = dwarf;
				ENABLE_STRICT_OBJC_MSGSEND = YES;
				ENABLE_TESTABILITY = YES;
				GCC_C_LANGUAGE_STANDARD = gnu99;
				GCC_DYNAMIC_NO_PIC = NO;
				GCC_NO_COMMON_BLOCKS = YES;
				GCC_OPTIMIZATION_LEVEL = 0;
				GCC_PREPROCESSOR_DEFINITIONS = (
					"DEBUG=1",
					"$(inherited)",
				);
				GCC_WARN_64_TO_32_BIT_CONVERSION = YES;
				GCC_WARN_ABOUT_RETURN_TYPE = YES_ERROR;
				GCC_WARN_UNDECLARED_SELECTOR = YES;
				GCC_WARN_UNINITIALIZED_AUTOS = YES_AGGRESSIVE;
				GCC_WARN_UNUSED_FUNCTION = YES;
				GCC_WARN_UNUSED_VARIABLE = YES;
				IPHONEOS_DEPLOYMENT_TARGET = 8.0;
				MTL_ENABLE_DEBUG_INFO = YES;
				ONLY_ACTIVE_ARCH = YES;
				SDKROOT = iphoneos;
				SWIFT_OPTIMIZATION_LEVEL = "-Onone";
			};
			name = Debug;
		};
		4B4966501BF8F87E00CD6060 /* Release */ = {
			isa = XCBuildConfiguration;
			buildSettings = {
				ALWAYS_SEARCH_USER_PATHS = NO;
				CLANG_CXX_LANGUAGE_STANDARD = "gnu++0x";
				CLANG_CXX_LIBRARY = "libc++";
				CLANG_ENABLE_MODULES = YES;
				CLANG_ENABLE_OBJC_ARC = YES;
				CLANG_WARN_BOOL_CONVERSION = YES;
				CLANG_WARN_CONSTANT_CONVERSION = YES;
				CLANG_WARN_DIRECT_OBJC_ISA_USAGE = YES_ERROR;
				CLANG_WARN_EMPTY_BODY = YES;
				CLANG_WARN_ENUM_CONVERSION = YES;
				CLANG_WARN_INFINITE_RECURSION = YES;
				CLANG_WARN_INT_CONVERSION = YES;
				CLANG_WARN_OBJC_ROOT_CLASS = YES_ERROR;
				CLANG_WARN_SUSPICIOUS_MOVE = YES;
				CLANG_WARN_UNREACHABLE_CODE = YES;
				CLANG_WARN__DUPLICATE_METHOD_MATCH = YES;
				"CODE_SIGN_IDENTITY[sdk=iphoneos*]" = "iPhone Developer";
				COPY_PHASE_STRIP = NO;
				DEBUG_INFORMATION_FORMAT = "dwarf-with-dsym";
				ENABLE_NS_ASSERTIONS = NO;
				ENABLE_STRICT_OBJC_MSGSEND = YES;
				GCC_C_LANGUAGE_STANDARD = gnu99;
				GCC_NO_COMMON_BLOCKS = YES;
				GCC_WARN_64_TO_32_BIT_CONVERSION = YES;
				GCC_WARN_ABOUT_RETURN_TYPE = YES_ERROR;
				GCC_WARN_UNDECLARED_SELECTOR = YES;
				GCC_WARN_UNINITIALIZED_AUTOS = YES_AGGRESSIVE;
				GCC_WARN_UNUSED_FUNCTION = YES;
				GCC_WARN_UNUSED_VARIABLE = YES;
				IPHONEOS_DEPLOYMENT_TARGET = 8.0;
				MTL_ENABLE_DEBUG_INFO = NO;
				SDKROOT = iphoneos;
				SWIFT_OPTIMIZATION_LEVEL = "-Owholemodule";
				VALIDATE_PRODUCT = YES;
			};
			name = Release;
		};
		4B4966521BF8F87E00CD6060 /* Debug */ = {
			isa = XCBuildConfiguration;
			buildSettings = {
				ASSETCATALOG_COMPILER_APPICON_NAME = AppIcon;
				INFOPLIST_FILE = "MPMoviePlayerController-Subtitles/Info.plist";
				LD_RUNPATH_SEARCH_PATHS = "$(inherited) @executable_path/Frameworks";
				PRODUCT_BUNDLE_IDENTIFIER = "com.mhergon.MPMoviePlayerController-Subtitles";
				PRODUCT_NAME = "$(TARGET_NAME)";
				SWIFT_VERSION = 3.0;
				TARGETED_DEVICE_FAMILY = "1,2";
			};
			name = Debug;
		};
		4B4966531BF8F87E00CD6060 /* Release */ = {
			isa = XCBuildConfiguration;
			buildSettings = {
				ASSETCATALOG_COMPILER_APPICON_NAME = AppIcon;
				INFOPLIST_FILE = "MPMoviePlayerController-Subtitles/Info.plist";
				LD_RUNPATH_SEARCH_PATHS = "$(inherited) @executable_path/Frameworks";
				PRODUCT_BUNDLE_IDENTIFIER = "com.mhergon.MPMoviePlayerController-Subtitles";
				PRODUCT_NAME = "$(TARGET_NAME)";
				SWIFT_VERSION = 3.0;
				TARGETED_DEVICE_FAMILY = "1,2";
			};
			name = Release;
		};
/* End XCBuildConfiguration section */

/* Begin XCConfigurationList section */
		4B49663A1BF8F87E00CD6060 /* Build configuration list for PBXProject "MPMoviePlayerController-Subtitles" */ = {
			isa = XCConfigurationList;
			buildConfigurations = (
				4B49664F1BF8F87E00CD6060 /* Debug */,
				4B4966501BF8F87E00CD6060 /* Release */,
			);
			defaultConfigurationIsVisible = 0;
			defaultConfigurationName = Release;
		};
		4B4966511BF8F87E00CD6060 /* Build configuration list for PBXNativeTarget "MPMoviePlayerController-Subtitles" */ = {
			isa = XCConfigurationList;
			buildConfigurations = (
				4B4966521BF8F87E00CD6060 /* Debug */,
				4B4966531BF8F87E00CD6060 /* Release */,
			);
			defaultConfigurationIsVisible = 0;
			defaultConfigurationName = Release;
		};
/* End XCConfigurationList section */
	};
	rootObject = 4B4966371BF8F87E00CD6060 /* Project object */;
}
